// !$*UTF8*$!
{
	archiveVersion = 1;
	classes = {
	};
	objectVersion = 46;
	objects = {

/* Begin PBXBuildFile section */
		BDC9DAD81A59110200EDB398 /* AppDelegate.swift in Sources */ = {isa = PBXBuildFile; fileRef = BDC9DAD71A59110200EDB398 /* AppDelegate.swift */; };
		BDC9DADA1A59110200EDB398 /* ViewController.swift in Sources */ = {isa = PBXBuildFile; fileRef = BDC9DAD91A59110200EDB398 /* ViewController.swift */; };
		BDC9DADF1A59110200EDB398 /* Images.xcassets in Resources */ = {isa = PBXBuildFile; fileRef = BDC9DADE1A59110200EDB398 /* Images.xcassets */; };
		BDC9DAE21A59110200EDB398 /* LaunchScreen.xib in Resources */ = {isa = PBXBuildFile; fileRef = BDC9DAE01A59110200EDB398 /* LaunchScreen.xib */; };
		BDC9DAEE1A59110200EDB398 /* tip_calculatorTests.swift in Sources */ = {isa = PBXBuildFile; fileRef = BDC9DAED1A59110200EDB398 /* tip_calculatorTests.swift */; };
		BDC9DAF81A59115400EDB398 /* Main.storyboard in Resources */ = {isa = PBXBuildFile; fileRef = BDC9DAF71A59115400EDB398 /* Main.storyboard */; };
/* End PBXBuildFile section */

/* Begin PBXContainerItemProxy section */
		BDC9DAE81A59110200EDB398 /* PBXContainerItemProxy */ = {
			isa = PBXContainerItemProxy;
			containerPortal = BDC9DACA1A59110200EDB398 /* Project object */;
			proxyType = 1;
			remoteGlobalIDString = BDC9DAD11A59110200EDB398;
			remoteInfo = "tip-calculator";
		};
/* End PBXContainerItemProxy section */

/* Begin PBXFileReference section */
		BDC9DAD21A59110200EDB398 /* tip-calculator.app */ = {isa = PBXFileReference; explicitFileType = wrapper.application; includeInIndex = 0; path = "tip-calculator.app"; sourceTree = BUILT_PRODUCTS_DIR; };
		BDC9DAD61A59110200EDB398 /* Info.plist */ = {isa = PBXFileReference; lastKnownFileType = text.plist.xml; path = Info.plist; sourceTree = "<group>"; };
		BDC9DAD71A59110200EDB398 /* AppDelegate.swift */ = {isa = PBXFileReference; lastKnownFileType = sourcecode.swift; path = AppDelegate.swift; sourceTree = "<group>"; };
		BDC9DAD91A59110200EDB398 /* ViewController.swift */ = {isa = PBXFileReference; lastKnownFileType = sourcecode.swift; path = ViewController.swift; sourceTree = "<group>"; };
		BDC9DADE1A59110200EDB398 /* Images.xcassets */ = {isa = PBXFileReference; lastKnownFileType = folder.assetcatalog; path = Images.xcassets; sourceTree = "<group>"; };
		BDC9DAE11A59110200EDB398 /* Base */ = {isa = PBXFileReference; lastKnownFileType = file.xib; name = Base; path = Base.lproj/LaunchScreen.xib; sourceTree = "<group>"; };
		BDC9DAE71A59110200EDB398 /* tip-calculatorTests.xctest */ = {isa = PBXFileReference; explicitFileType = wrapper.cfbundle; includeInIndex = 0; path = "tip-calculatorTests.xctest"; sourceTree = BUILT_PRODUCTS_DIR; };
		BDC9DAEC1A59110200EDB398 /* Info.plist */ = {isa = PBXFileReference; lastKnownFileType = text.plist.xml; path = Info.plist; sourceTree = "<group>"; };
		BDC9DAED1A59110200EDB398 /* tip_calculatorTests.swift */ = {isa = PBXFileReference; lastKnownFileType = sourcecode.swift; path = tip_calculatorTests.swift; sourceTree = "<group>"; };
		BDC9DAF71A59115400EDB398 /* Main.storyboard */ = {isa = PBXFileReference; fileEncoding = 4; lastKnownFileType = file.storyboard; path = Main.storyboard; sourceTree = "<group>"; };
/* End PBXFileReference section */

/* Begin PBXFrameworksBuildPhase section */
		BDC9DACF1A59110200EDB398 /* Frameworks */ = {
			isa = PBXFrameworksBuildPhase;
			buildActionMask = 2147483647;
			files = (
			);
			runOnlyForDeploymentPostprocessing = 0;
		};
		BDC9DAE41A59110200EDB398 /* Frameworks */ = {
			isa = PBXFrameworksBuildPhase;
			buildActionMask = 2147483647;
			files = (
			);
			runOnlyForDeploymentPostprocessing = 0;
		};
/* End PBXFrameworksBuildPhase section */

/* Begin PBXGroup section */
		BDC9DAC91A59110200EDB398 = {
			isa = PBXGroup;
			children = (
				BDC9DAD41A59110200EDB398 /* tip-calculator */,
				BDC9DAEA1A59110200EDB398 /* tip-calculatorTests */,
				BDC9DAD31A59110200EDB398 /* Products */,
			);
			sourceTree = "<group>";
		};
		BDC9DAD31A59110200EDB398 /* Products */ = {
			isa = PBXGroup;
			children = (
				BDC9DAD21A59110200EDB398 /* tip-calculator.app */,
				BDC9DAE71A59110200EDB398 /* tip-calculatorTests.xctest */,
			);
			name = Products;
			sourceTree = "<group>";
		};
		BDC9DAD41A59110200EDB398 /* tip-calculator */ = {
			isa = PBXGroup;
			children = (
				BDC9DAD71A59110200EDB398 /* AppDelegate.swift */,
				BDC9DAD91A59110200EDB398 /* ViewController.swift */,
				BDC9DADE1A59110200EDB398 /* Images.xcassets */,
				BDC9DAF71A59115400EDB398 /* Main.storyboard */,
				BDC9DAE01A59110200EDB398 /* LaunchScreen.xib */,
				BDC9DAD51A59110200EDB398 /* Supporting Files */,
			);
			path = "tip-calculator";
			sourceTree = "<group>";
		};
		BDC9DAD51A59110200EDB398 /* Supporting Files */ = {
			isa = PBXGroup;
			children = (
				BDC9DAD61A59110200EDB398 /* Info.plist */,
			);
			name = "Supporting Files";
			sourceTree = "<group>";
		};
		BDC9DAEA1A59110200EDB398 /* tip-calculatorTests */ = {
			isa = PBXGroup;
			children = (
				BDC9DAED1A59110200EDB398 /* tip_calculatorTests.swift */,
				BDC9DAEB1A59110200EDB398 /* Supporting Files */,
			);
			path = "tip-calculatorTests";
			sourceTree = "<group>";
		};
		BDC9DAEB1A59110200EDB398 /* Supporting Files */ = {
			isa = PBXGroup;
			children = (
				BDC9DAEC1A59110200EDB398 /* Info.plist */,
			);
			name = "Supporting Files";
			sourceTree = "<group>";
		};
/* End PBXGroup section */

/* Begin PBXNativeTarget section */
		BDC9DAD11A59110200EDB398 /* tip-calculator */ = {
			isa = PBXNativeTarget;
			buildConfigurationList = BDC9DAF11A59110200EDB398 /* Build configuration list for PBXNativeTarget "tip-calculator" */;
			buildPhases = (
				BDC9DACE1A59110200EDB398 /* Sources */,
				BDC9DACF1A59110200EDB398 /* Frameworks */,
				BDC9DAD01A59110200EDB398 /* Resources */,
			);
			buildRules = (
			);
			dependencies = (
			);
			name = "tip-calculator";
			productName = "tip-calculator";
			productReference = BDC9DAD21A59110200EDB398 /* tip-calculator.app */;
			productType = "com.apple.product-type.application";
		};
		BDC9DAE61A59110200EDB398 /* tip-calculatorTests */ = {
			isa = PBXNativeTarget;
			buildConfigurationList = BDC9DAF41A59110200EDB398 /* Build configuration list for PBXNativeTarget "tip-calculatorTests" */;
			buildPhases = (
				BDC9DAE31A59110200EDB398 /* Sources */,
				BDC9DAE41A59110200EDB398 /* Frameworks */,
				BDC9DAE51A59110200EDB398 /* Resources */,
			);
			buildRules = (
			);
			dependencies = (
				BDC9DAE91A59110200EDB398 /* PBXTargetDependency */,
			);
			name = "tip-calculatorTests";
			productName = "tip-calculatorTests";
			productReference = BDC9DAE71A59110200EDB398 /* tip-calculatorTests.xctest */;
			productType = "com.apple.product-type.bundle.unit-test";
		};
/* End PBXNativeTarget section */

/* Begin PBXProject section */
		BDC9DACA1A59110200EDB398 /* Project object */ = {
			isa = PBXProject;
			attributes = {
				LastUpgradeCheck = 0610;
				ORGANIZATIONNAME = "Anna-Marie";
				TargetAttributes = {
					BDC9DAD11A59110200EDB398 = {
						CreatedOnToolsVersion = 6.1.1;
					};
					BDC9DAE61A59110200EDB398 = {
						CreatedOnToolsVersion = 6.1.1;
						TestTargetID = BDC9DAD11A59110200EDB398;
					};
				};
			};
			buildConfigurationList = BDC9DACD1A59110200EDB398 /* Build configuration list for PBXProject "tip-calculator" */;
			compatibilityVersion = "Xcode 3.2";
			developmentRegion = English;
			hasScannedForEncodings = 0;
			knownRegions = (
				en,
				Base,
			);
			mainGroup = BDC9DAC91A59110200EDB398;
			productRefGroup = BDC9DAD31A59110200EDB398 /* Products */;
			projectDirPath = "";
			projectRoot = "";
			targets = (
				BDC9DAD11A59110200EDB398 /* tip-calculator */,
				BDC9DAE61A59110200EDB398 /* tip-calculatorTests */,
			);
		};
/* End PBXProject section */

/* Begin PBXResourcesBuildPhase section */
		BDC9DAD01A59110200EDB398 /* Resources */ = {
			isa = PBXResourcesBuildPhase;
			buildActionMask = 2147483647;
			files = (
				BDC9DAF81A59115400EDB398 /* Main.storyboard in Resources */,
				BDC9DAE21A59110200EDB398 /* LaunchScreen.xib in Resources */,
				BDC9DADF1A59110200EDB398 /* Images.xcassets in Resources */,
			);
			runOnlyForDeploymentPostprocessing = 0;
		};
		BDC9DAE51A59110200EDB398 /* Resources */ = {
			isa = PBXResourcesBuildPhase;
			buildActionMask = 2147483647;
			files = (
			);
			runOnlyForDeploymentPostprocessing = 0;
		};
/* End PBXResourcesBuildPhase section */

/* Begin PBXSourcesBuildPhase section */
		BDC9DACE1A59110200EDB398 /* Sources */ = {
			isa = PBXSourcesBuildPhase;
			buildActionMask = 2147483647;
			files = (
				BDC9DADA1A59110200EDB398 /* ViewController.swift in Sources */,
				BDC9DAD81A59110200EDB398 /* AppDelegate.swift in Sources */,
			);
			runOnlyForDeploymentPostprocessing = 0;
		};
		BDC9DAE31A59110200EDB398 /* Sources */ = {
			isa = PBXSourcesBuildPhase;
			buildActionMask = 2147483647;
			files = (
				BDC9DAEE1A59110200EDB398 /* tip_calculatorTests.swift in Sources */,
			);
			runOnlyForDeploymentPostprocessing = 0;
		};
/* End PBXSourcesBuildPhase section */

/* Begin PBXTargetDependency section */
		BDC9DAE91A59110200EDB398 /* PBXTargetDependency */ = {
			isa = PBXTargetDependency;
			target = BDC9DAD11A59110200EDB398 /* tip-calculator */;
			targetProxy = BDC9DAE81A59110200EDB398 /* PBXContainerItemProxy */;
		};
/* End PBXTargetDependency section */

/* Begin PBXVariantGroup section */
		BDC9DAE01A59110200EDB398 /* LaunchScreen.xib */ = {
			isa = PBXVariantGroup;
			children = (
				BDC9DAE11A59110200EDB398 /* Base */,
			);
			name = LaunchScreen.xib;
			sourceTree = "<group>";
		};
/* End PBXVariantGroup section */

/* Begin XCBuildConfiguration section */
		BDC9DAEF1A59110200EDB398 /* Debug */ = {
			isa = XCBuildConfiguration;
			buildSettings = {
				ALWAYS_SEARCH_USER_PATHS = NO;
				CLANG_CXX_LANGUAGE_STANDARD = "gnu++0x";
				CLANG_CXX_LIBRARY = "libc++";
				CLANG_ENABLE_MODULES = YES;
				CLANG_ENABLE_OBJC_ARC = YES;
				CLANG_WARN_BOOL_CONVERSION = YES;
				CLANG_WARN_CONSTANT_CONVERSION = YES;
				CLANG_WARN_DIRECT_OBJC_ISA_USAGE = YES_ERROR;
				CLANG_WARN_EMPTY_BODY = YES;
				CLANG_WARN_ENUM_CONVERSION = YES;
				CLANG_WARN_INT_CONVERSION = YES;
				CLANG_WARN_OBJC_ROOT_CLASS = YES_ERROR;
				CLANG_WARN_UNREACHABLE_CODE = YES;
				CLANG_WARN__DUPLICATE_METHOD_MATCH = YES;
				"CODE_SIGN_IDENTITY[sdk=iphoneos*]" = "iPhone Developer";
				COPY_PHASE_STRIP = NO;
				ENABLE_STRICT_OBJC_MSGSEND = YES;
				GCC_C_LANGUAGE_STANDARD = gnu99;
				GCC_DYNAMIC_NO_PIC = NO;
				GCC_OPTIMIZATION_LEVEL = 0;
				GCC_PREPROCESSOR_DEFINITIONS = (
					"DEBUG=1",
					"$(inherited)",
				);
				GCC_SYMBOLS_PRIVATE_EXTERN = NO;
				GCC_WARN_64_TO_32_BIT_CONVERSION = YES;
				GCC_WARN_ABOUT_RETURN_TYPE = YES_ERROR;
				GCC_WARN_UNDECLARED_SELECTOR = YES;
				GCC_WARN_UNINITIALIZED_AUTOS = YES_AGGRESSIVE;
				GCC_WARN_UNUSED_FUNCTION = YES;
				GCC_WARN_UNUSED_VARIABLE = YES;
				IPHONEOS_DEPLOYMENT_TARGET = 8.1;
				MTL_ENABLE_DEBUG_INFO = YES;
				ONLY_ACTIVE_ARCH = YES;
				SDKROOT = iphoneos;
				SWIFT_OPTIMIZATION_LEVEL = "-Onone";
			};
			name = Debug;
		};
		BDC9DAF01A59110200EDB398 /* Release */ = {
			isa = XCBuildConfiguration;
			buildSettings = {
				ALWAYS_SEARCH_USER_PATHS = NO;
				CLANG_CXX_LANGUAGE_STANDARD = "gnu++0x";
				CLANG_CXX_LIBRARY = "libc++";
				CLANG_ENABLE_MODULES = YES;
				CLANG_ENABLE_OBJC_ARC = YES;
				CLANG_WARN_BOOL_CONVERSION = YES;
				CLANG_WARN_CONSTANT_CONVERSION = YES;
				CLANG_WARN_DIRECT_OBJC_ISA_USAGE = YES_ERROR;
				CLANG_WARN_EMPTY_BODY = YES;
				CLANG_WARN_ENUM_CONVERSION = YES;
				CLANG_WARN_INT_CONVERSION = YES;
				CLANG_WARN_OBJC_ROOT_CLASS = YES_ERROR;
				CLANG_WARN_UNREACHABLE_CODE = YES;
				CLANG_WARN__DUPLICATE_METHOD_MATCH = YES;
				"CODE_SIGN_IDENTITY[sdk=iphoneos*]" = "iPhone Developer";
				COPY_PHASE_STRIP = YES;
				ENABLE_NS_ASSERTIONS = NO;
				ENABLE_STRICT_OBJC_MSGSEND = YES;
				GCC_C_LANGUAGE_STANDARD = gnu99;
				GCC_WARN_64_TO_32_BIT_CONVERSION = YES;
				GCC_WARN_ABOUT_RETURN_TYPE = YES_ERROR;
				GCC_WARN_UNDECLARED_SELECTOR = YES;
				GCC_WARN_UNINITIALIZED_AUTOS = YES_AGGRESSIVE;
				GCC_WARN_UNUSED_FUNCTION = YES;
				GCC_WARN_UNUSED_VARIABLE = YES;
				IPHONEOS_DEPLOYMENT_TARGET = 8.1;
				MTL_ENABLE_DEBUG_INFO = NO;
				SDKROOT = iphoneos;
				VALIDATE_PRODUCT = YES;
			};
			name = Release;
		};
		BDC9DAF21A59110200EDB398 /* Debug */ = {
			isa = XCBuildConfiguration;
			buildSettings = {
				ASSETCATALOG_COMPILER_APPICON_NAME = AppIcon;
				INFOPLIST_FILE = "tip-calculator/Info.plist";
				LD_RUNPATH_SEARCH_PATHS = "$(inherited) @executable_path/Frameworks";
				PRODUCT_NAME = "$(TARGET_NAME)";
			};
			name = Debug;
		};
		BDC9DAF31A59110200EDB398 /* Release */ = {
			isa = XCBuildConfiguration;
			buildSettings = {
				ASSETCATALOG_COMPILER_APPICON_NAME = AppIcon;
				INFOPLIST_FILE = "tip-calculator/Info.plist";
				LD_RUNPATH_SEARCH_PATHS = "$(inherited) @executable_path/Frameworks";
				PRODUCT_NAME = "$(TARGET_NAME)";
			};
			name = Release;
		};
		BDC9DAF51A59110200EDB398 /* Debug */ = {
			isa = XCBuildConfiguration;
			buildSettings = {
				BUNDLE_LOADER = "$(TEST_HOST)";
				FRAMEWORK_SEARCH_PATHS = (
					"$(SDKROOT)/Developer/Library/Frameworks",
					"$(inherited)",
				);
				GCC_PREPROCESSOR_DEFINITIONS = (
					"DEBUG=1",
					"$(inherited)",
				);
				INFOPLIST_FILE = "tip-calculatorTests/Info.plist";
				LD_RUNPATH_SEARCH_PATHS = "$(inherited) @executable_path/Frameworks @loader_path/Frameworks";
				PRODUCT_NAME = "$(TARGET_NAME)";
				TEST_HOST = "$(BUILT_PRODUCTS_DIR)/tip-calculator.app/tip-calculator";
			};
			name = Debug;
		};
		BDC9DAF61A59110200EDB398 /* Release */ = {
			isa = XCBuildConfiguration;
			buildSettings = {
				BUNDLE_LOADER = "$(TEST_HOST)";
				FRAMEWORK_SEARCH_PATHS = (
					"$(SDKROOT)/Developer/Library/Frameworks",
					"$(inherited)",
				);
				INFOPLIST_FILE = "tip-calculatorTests/Info.plist";
				LD_RUNPATH_SEARCH_PATHS = "$(inherited) @executable_path/Frameworks @loader_path/Frameworks";
				PRODUCT_NAME = "$(TARGET_NAME)";
				TEST_HOST = "$(BUILT_PRODUCTS_DIR)/tip-calculator.app/tip-calculator";
			};
			name = Release;
		};
/* End XCBuildConfiguration section */

/* Begin XCConfigurationList section */
		BDC9DACD1A59110200EDB398 /* Build configuration list for PBXProject "tip-calculator" */ = {
			isa = XCConfigurationList;
			buildConfigurations = (
				BDC9DAEF1A59110200EDB398 /* Debug */,
				BDC9DAF01A59110200EDB398 /* Release */,
			);
			defaultConfigurationIsVisible = 0;
			defaultConfigurationName = Release;
		};
		BDC9DAF11A59110200EDB398 /* Build configuration list for PBXNativeTarget "tip-calculator" */ = {
			isa = XCConfigurationList;
			buildConfigurations = (
				BDC9DAF21A59110200EDB398 /* Debug */,
				BDC9DAF31A59110200EDB398 /* Release */,
			);
			defaultConfigurationIsVisible = 0;
		};
		BDC9DAF41A59110200EDB398 /* Build configuration list for PBXNativeTarget "tip-calculatorTests" */ = {
			isa = XCConfigurationList;
			buildConfigurations = (
				BDC9DAF51A59110200EDB398 /* Debug */,
				BDC9DAF61A59110200EDB398 /* Release */,
			);
			defaultConfigurationIsVisible = 0;
		};
/* End XCConfigurationList section */
	};
	rootObject = BDC9DACA1A59110200EDB398 /* Project object */;
}
